// !$*UTF8*$!
{
	archiveVersion = 1;
	classes = {
	};
	objectVersion = 46;
	objects = {

/* Begin PBXBuildFile section */
		A602BBA61E5ECFB4003713E9 /* AKImagePickerController.h in Headers */ = {isa = PBXBuildFile; fileRef = A602BBA41E5ECFB4003713E9 /* AKImagePickerController.h */; settings = {ATTRIBUTES = (Public, ); }; };
		A602BBAE1E5ED9FF003713E9 /* CameraViewController.swift in Sources */ = {isa = PBXBuildFile; fileRef = A602BBAD1E5ED9FF003713E9 /* CameraViewController.swift */; };
		A602BBB01E5EDA32003713E9 /* CameraSlider.swift in Sources */ = {isa = PBXBuildFile; fileRef = A602BBAF1E5EDA32003713E9 /* CameraSlider.swift */; };
		A602BBB21E5EDA53003713E9 /* CameraSliderDelegate.swift in Sources */ = {isa = PBXBuildFile; fileRef = A602BBB11E5EDA53003713E9 /* CameraSliderDelegate.swift */; };
		A602BBBE1E5EDAA4003713E9 /* CameraEngine.h in Headers */ = {isa = PBXBuildFile; fileRef = A602BBB41E5EDAA4003713E9 /* CameraEngine.h */; };
		A602BBBF1E5EDAA4003713E9 /* CameraEngine.swift in Sources */ = {isa = PBXBuildFile; fileRef = A602BBB51E5EDAA4003713E9 /* CameraEngine.swift */; };
		A602BBC01E5EDAA4003713E9 /* CameraEngineCaptureOutput.swift in Sources */ = {isa = PBXBuildFile; fileRef = A602BBB61E5EDAA4003713E9 /* CameraEngineCaptureOutput.swift */; };
		A602BBC11E5EDAA4003713E9 /* CameraEngineDevice.swift in Sources */ = {isa = PBXBuildFile; fileRef = A602BBB71E5EDAA4003713E9 /* CameraEngineDevice.swift */; };
		A602BBC21E5EDAA4003713E9 /* CameraEngineDeviceInput.swift in Sources */ = {isa = PBXBuildFile; fileRef = A602BBB81E5EDAA4003713E9 /* CameraEngineDeviceInput.swift */; };
		A602BBC31E5EDAA4003713E9 /* CameraEngineFileManager.swift in Sources */ = {isa = PBXBuildFile; fileRef = A602BBB91E5EDAA4003713E9 /* CameraEngineFileManager.swift */; };
		A602BBC41E5EDAA4003713E9 /* CameraEngineGifEncoder.swift in Sources */ = {isa = PBXBuildFile; fileRef = A602BBBA1E5EDAA4003713E9 /* CameraEngineGifEncoder.swift */; };
		A602BBC51E5EDAA4003713E9 /* CameraEngineMetadataOutput.swift in Sources */ = {isa = PBXBuildFile; fileRef = A602BBBB1E5EDAA4003713E9 /* CameraEngineMetadataOutput.swift */; };
		A602BBC61E5EDAA4003713E9 /* CameraEngineVideoEncoder.swift in Sources */ = {isa = PBXBuildFile; fileRef = A602BBBC1E5EDAA4003713E9 /* CameraEngineVideoEncoder.swift */; };
		A602BBC71E5EDAA4003713E9 /* Info.plist in Resources */ = {isa = PBXBuildFile; fileRef = A602BBBD1E5EDAA4003713E9 /* Info.plist */; };
		A602BBCE1E5EDAFF003713E9 /* SheetActionCollectionViewCell.swift in Sources */ = {isa = PBXBuildFile; fileRef = A602BBC91E5EDAFF003713E9 /* SheetActionCollectionViewCell.swift */; };
		A602BBCF1E5EDAFF003713E9 /* SheetCollectionViewCell.swift in Sources */ = {isa = PBXBuildFile; fileRef = A602BBCA1E5EDAFF003713E9 /* SheetCollectionViewCell.swift */; };
		A602BBD01E5EDAFF003713E9 /* SheetCollectionViewLayout.swift in Sources */ = {isa = PBXBuildFile; fileRef = A602BBCB1E5EDAFF003713E9 /* SheetCollectionViewLayout.swift */; };
		A602BBD11E5EDAFF003713E9 /* SheetController.swift in Sources */ = {isa = PBXBuildFile; fileRef = A602BBCC1E5EDAFF003713E9 /* SheetController.swift */; };
		A602BBD21E5EDAFF003713E9 /* SheetPreviewCollectionViewCell.swift in Sources */ = {isa = PBXBuildFile; fileRef = A602BBCD1E5EDAFF003713E9 /* SheetPreviewCollectionViewCell.swift */; };
		A602BBD81E5EDB34003713E9 /* ImagePickerCollectionCell.swift in Sources */ = {isa = PBXBuildFile; fileRef = A602BBD41E5EDB34003713E9 /* ImagePickerCollectionCell.swift */; };
		A602BBD91E5EDB34003713E9 /* ImagePickerCollectionCell.xib in Resources */ = {isa = PBXBuildFile; fileRef = A602BBD51E5EDB34003713E9 /* ImagePickerCollectionCell.xib */; };
		A602BBDA1E5EDB34003713E9 /* ImagePickerLiveCameraCollectionCell.swift in Sources */ = {isa = PBXBuildFile; fileRef = A602BBD61E5EDB34003713E9 /* ImagePickerLiveCameraCollectionCell.swift */; };
		A602BBDB1E5EDB34003713E9 /* ImagePickerLiveCameraCollectionCell.xib in Resources */ = {isa = PBXBuildFile; fileRef = A602BBD71E5EDB34003713E9 /* ImagePickerLiveCameraCollectionCell.xib */; };
		A602BBE11E5EDB69003713E9 /* PreviewCollectionView.swift in Sources */ = {isa = PBXBuildFile; fileRef = A602BBDD1E5EDB69003713E9 /* PreviewCollectionView.swift */; };
		A602BBE21E5EDB69003713E9 /* PreviewCollectionViewCell.swift in Sources */ = {isa = PBXBuildFile; fileRef = A602BBDE1E5EDB69003713E9 /* PreviewCollectionViewCell.swift */; };
		A602BBE31E5EDB69003713E9 /* PreviewCollectionViewLayout.swift in Sources */ = {isa = PBXBuildFile; fileRef = A602BBDF1E5EDB69003713E9 /* PreviewCollectionViewLayout.swift */; };
		A602BBE41E5EDB69003713E9 /* PreviewSupplementaryView.swift in Sources */ = {isa = PBXBuildFile; fileRef = A602BBE01E5EDB69003713E9 /* PreviewSupplementaryView.swift */; };
		A602BBE71E5EDC09003713E9 /* Images.xcassets in Resources */ = {isa = PBXBuildFile; fileRef = A602BBE61E5EDC09003713E9 /* Images.xcassets */; };
		A602BBF01E5EDF66003713E9 /* AppDelegate.swift in Sources */ = {isa = PBXBuildFile; fileRef = A602BBEF1E5EDF66003713E9 /* AppDelegate.swift */; };
		A602BBF21E5EDF66003713E9 /* ViewController.swift in Sources */ = {isa = PBXBuildFile; fileRef = A602BBF11E5EDF66003713E9 /* ViewController.swift */; };
		A602BBF51E5EDF66003713E9 /* Main.storyboard in Resources */ = {isa = PBXBuildFile; fileRef = A602BBF31E5EDF66003713E9 /* Main.storyboard */; };
		A602BBF71E5EDF66003713E9 /* Assets.xcassets in Resources */ = {isa = PBXBuildFile; fileRef = A602BBF61E5EDF66003713E9 /* Assets.xcassets */; };
		A602BBFA1E5EDF66003713E9 /* LaunchScreen.storyboard in Resources */ = {isa = PBXBuildFile; fileRef = A602BBF81E5EDF66003713E9 /* LaunchScreen.storyboard */; };
		A602BC0C1E5EE223003713E9 /* AnimationController.swift in Sources */ = {isa = PBXBuildFile; fileRef = A602BC091E5EE223003713E9 /* AnimationController.swift */; };
		A602BC0D1E5EE223003713E9 /* ImagePickerAction.swift in Sources */ = {isa = PBXBuildFile; fileRef = A602BC0A1E5EE223003713E9 /* ImagePickerAction.swift */; };
		A602BC0E1E5EE223003713E9 /* AKImagePickerController.swift in Sources */ = {isa = PBXBuildFile; fileRef = A602BC0B1E5EE223003713E9 /* AKImagePickerController.swift */; };
		A645B0011E6458B400E2A0D9 /* ImagePickerControllerDelegate.swift in Sources */ = {isa = PBXBuildFile; fileRef = A645B0001E6458B300E2A0D9 /* ImagePickerControllerDelegate.swift */; };
		A67A12651E632F62002923CE /* TOCropViewControllerLocalizable.strings in Resources */ = {isa = PBXBuildFile; fileRef = A67A12171E632F61002923CE /* TOCropViewControllerLocalizable.strings */; };
		A67A12661E632F62002923CE /* TOCropViewControllerLocalizable.strings in Resources */ = {isa = PBXBuildFile; fileRef = A67A121A1E632F62002923CE /* TOCropViewControllerLocalizable.strings */; };
		A67A12671E632F62002923CE /* TOCropViewControllerLocalizable.strings in Resources */ = {isa = PBXBuildFile; fileRef = A67A121D1E632F62002923CE /* TOCropViewControllerLocalizable.strings */; };
		A67A12681E632F62002923CE /* TOCropViewControllerLocalizable.strings in Resources */ = {isa = PBXBuildFile; fileRef = A67A12201E632F62002923CE /* TOCropViewControllerLocalizable.strings */; };
		A67A12691E632F62002923CE /* TOCropViewControllerLocalizable.strings in Resources */ = {isa = PBXBuildFile; fileRef = A67A12231E632F62002923CE /* TOCropViewControllerLocalizable.strings */; };
		A67A126A1E632F62002923CE /* TOCropViewControllerLocalizable.strings in Resources */ = {isa = PBXBuildFile; fileRef = A67A12261E632F62002923CE /* TOCropViewControllerLocalizable.strings */; };
		A67A126B1E632F62002923CE /* TOCropViewControllerLocalizable.strings in Resources */ = {isa = PBXBuildFile; fileRef = A67A12291E632F62002923CE /* TOCropViewControllerLocalizable.strings */; };
		A67A126C1E632F62002923CE /* TOCropViewControllerLocalizable.strings in Resources */ = {isa = PBXBuildFile; fileRef = A67A122C1E632F62002923CE /* TOCropViewControllerLocalizable.strings */; };
		A67A126D1E632F62002923CE /* Info.plist in Resources */ = {isa = PBXBuildFile; fileRef = A67A122E1E632F62002923CE /* Info.plist */; };
		A67A126E1E632F62002923CE /* TOCropViewControllerLocalizable.strings in Resources */ = {isa = PBXBuildFile; fileRef = A67A12301E632F62002923CE /* TOCropViewControllerLocalizable.strings */; };
		A67A126F1E632F62002923CE /* TOCropViewControllerLocalizable.strings in Resources */ = {isa = PBXBuildFile; fileRef = A67A12331E632F62002923CE /* TOCropViewControllerLocalizable.strings */; };
		A67A12701E632F62002923CE /* TOCropViewControllerLocalizable.strings in Resources */ = {isa = PBXBuildFile; fileRef = A67A12361E632F62002923CE /* TOCropViewControllerLocalizable.strings */; };
		A67A12711E632F62002923CE /* TOActivityCroppedImageProvider.h in Headers */ = {isa = PBXBuildFile; fileRef = A67A12391E632F62002923CE /* TOActivityCroppedImageProvider.h */; };
		A67A12721E632F62002923CE /* TOActivityCroppedImageProvider.m in Sources */ = {isa = PBXBuildFile; fileRef = A67A123A1E632F62002923CE /* TOActivityCroppedImageProvider.m */; };
		A67A12731E632F62002923CE /* TOCroppedImageAttributes.h in Headers */ = {isa = PBXBuildFile; fileRef = A67A123B1E632F62002923CE /* TOCroppedImageAttributes.h */; };
		A67A12741E632F62002923CE /* TOCroppedImageAttributes.m in Sources */ = {isa = PBXBuildFile; fileRef = A67A123C1E632F62002923CE /* TOCroppedImageAttributes.m */; };
		A67A12751E632F62002923CE /* TOCropViewControllerTransitioning.h in Headers */ = {isa = PBXBuildFile; fileRef = A67A123D1E632F62002923CE /* TOCropViewControllerTransitioning.h */; };
		A67A12761E632F62002923CE /* TOCropViewControllerTransitioning.m in Sources */ = {isa = PBXBuildFile; fileRef = A67A123E1E632F62002923CE /* TOCropViewControllerTransitioning.m */; };
		A67A12771E632F62002923CE /* UIImage+CropRotate.h in Headers */ = {isa = PBXBuildFile; fileRef = A67A123F1E632F62002923CE /* UIImage+CropRotate.h */; };
		A67A12781E632F62002923CE /* UIImage+CropRotate.m in Sources */ = {isa = PBXBuildFile; fileRef = A67A12401E632F62002923CE /* UIImage+CropRotate.m */; };
		A67A12791E632F62002923CE /* TOCropViewControllerLocalizable.strings in Resources */ = {isa = PBXBuildFile; fileRef = A67A12421E632F62002923CE /* TOCropViewControllerLocalizable.strings */; };
		A67A127A1E632F62002923CE /* TOCropViewControllerLocalizable.strings in Resources */ = {isa = PBXBuildFile; fileRef = A67A12451E632F62002923CE /* TOCropViewControllerLocalizable.strings */; };
		A67A127B1E632F62002923CE /* TOCropViewControllerLocalizable.strings in Resources */ = {isa = PBXBuildFile; fileRef = A67A12481E632F62002923CE /* TOCropViewControllerLocalizable.strings */; };
		A67A127C1E632F62002923CE /* TOCropViewControllerLocalizable.strings in Resources */ = {isa = PBXBuildFile; fileRef = A67A124B1E632F62002923CE /* TOCropViewControllerLocalizable.strings */; };
		A67A127D1E632F62002923CE /* TOCropViewController-Bridging-Header.h in Headers */ = {isa = PBXBuildFile; fileRef = A67A124D1E632F62002923CE /* TOCropViewController-Bridging-Header.h */; };
		A67A127E1E632F62002923CE /* TOCropViewController.h in Headers */ = {isa = PBXBuildFile; fileRef = A67A124E1E632F62002923CE /* TOCropViewController.h */; settings = {ATTRIBUTES = (Private, ); }; };
		A67A127F1E632F62002923CE /* TOCropViewController.m in Sources */ = {isa = PBXBuildFile; fileRef = A67A124F1E632F62002923CE /* TOCropViewController.m */; };
		A67A12801E632F62002923CE /* TOCropViewControllerLocalizable.strings in Resources */ = {isa = PBXBuildFile; fileRef = A67A12511E632F62002923CE /* TOCropViewControllerLocalizable.strings */; };
		A67A12811E632F62002923CE /* TOCropViewControllerLocalizable.strings in Resources */ = {isa = PBXBuildFile; fileRef = A67A12541E632F62002923CE /* TOCropViewControllerLocalizable.strings */; };
		A67A12821E632F62002923CE /* TOCropOverlayView.h in Headers */ = {isa = PBXBuildFile; fileRef = A67A12571E632F62002923CE /* TOCropOverlayView.h */; settings = {ATTRIBUTES = (Private, ); }; };
		A67A12831E632F62002923CE /* TOCropOverlayView.m in Sources */ = {isa = PBXBuildFile; fileRef = A67A12581E632F62002923CE /* TOCropOverlayView.m */; };
		A67A12841E632F62002923CE /* TOCropScrollView.h in Headers */ = {isa = PBXBuildFile; fileRef = A67A12591E632F62002923CE /* TOCropScrollView.h */; };
		A67A12851E632F62002923CE /* TOCropScrollView.m in Sources */ = {isa = PBXBuildFile; fileRef = A67A125A1E632F62002923CE /* TOCropScrollView.m */; };
		A67A12861E632F62002923CE /* TOCropToolbar.h in Headers */ = {isa = PBXBuildFile; fileRef = A67A125B1E632F62002923CE /* TOCropToolbar.h */; settings = {ATTRIBUTES = (Private, ); }; };
		A67A12871E632F62002923CE /* TOCropToolbar.m in Sources */ = {isa = PBXBuildFile; fileRef = A67A125C1E632F62002923CE /* TOCropToolbar.m */; };
		A67A12881E632F62002923CE /* TOCropView.h in Headers */ = {isa = PBXBuildFile; fileRef = A67A125D1E632F62002923CE /* TOCropView.h */; settings = {ATTRIBUTES = (Private, ); }; };
		A67A12891E632F62002923CE /* TOCropView.m in Sources */ = {isa = PBXBuildFile; fileRef = A67A125E1E632F62002923CE /* TOCropView.m */; };
		A67A128A1E632F62002923CE /* TOCropViewControllerLocalizable.strings in Resources */ = {isa = PBXBuildFile; fileRef = A67A12601E632F62002923CE /* TOCropViewControllerLocalizable.strings */; };
		A67A128B1E632F62002923CE /* TOCropViewControllerLocalizable.strings in Resources */ = {isa = PBXBuildFile; fileRef = A67A12631E632F62002923CE /* TOCropViewControllerLocalizable.strings */; };
		A68B5A0C1E64E75900654CC7 /* CameraViewControllerDelegate.swift in Sources */ = {isa = PBXBuildFile; fileRef = A68B5A0B1E64E75900654CC7 /* CameraViewControllerDelegate.swift */; };
		A6BA27DE1E5EE3F400A61627 /* AKImagePickerController.framework in Frameworks */ = {isa = PBXBuildFile; fileRef = A602BBA11E5ECFB4003713E9 /* AKImagePickerController.framework */; };
		A6BA27DF1E5EE3F400A61627 /* AKImagePickerController.framework in Embed Frameworks */ = {isa = PBXBuildFile; fileRef = A602BBA11E5ECFB4003713E9 /* AKImagePickerController.framework */; settings = {ATTRIBUTES = (CodeSignOnCopy, RemoveHeadersOnCopy, ); }; };
/* End PBXBuildFile section */

/* Begin PBXContainerItemProxy section */
		A6BA27E01E5EE3F400A61627 /* PBXContainerItemProxy */ = {
			isa = PBXContainerItemProxy;
			containerPortal = A602BB981E5ECFB4003713E9 /* Project object */;
			proxyType = 1;
			remoteGlobalIDString = A602BBA01E5ECFB4003713E9;
			remoteInfo = ImagePickerController;
		};
/* End PBXContainerItemProxy section */

/* Begin PBXCopyFilesBuildPhase section */
		A6BA27E21E5EE3F400A61627 /* Embed Frameworks */ = {
			isa = PBXCopyFilesBuildPhase;
			buildActionMask = 2147483647;
			dstPath = "";
			dstSubfolderSpec = 10;
			files = (
				A6BA27DF1E5EE3F400A61627 /* AKImagePickerController.framework in Embed Frameworks */,
			);
			name = "Embed Frameworks";
			runOnlyForDeploymentPostprocessing = 0;
		};
/* End PBXCopyFilesBuildPhase section */

/* Begin PBXFileReference section */
		A602BBA11E5ECFB4003713E9 /* AKImagePickerController.framework */ = {isa = PBXFileReference; explicitFileType = wrapper.framework; includeInIndex = 0; path = AKImagePickerController.framework; sourceTree = BUILT_PRODUCTS_DIR; };
		A602BBA41E5ECFB4003713E9 /* AKImagePickerController.h */ = {isa = PBXFileReference; lastKnownFileType = sourcecode.c.h; path = AKImagePickerController.h; sourceTree = "<group>"; };
		A602BBA51E5ECFB4003713E9 /* Info.plist */ = {isa = PBXFileReference; lastKnownFileType = text.plist.xml; path = Info.plist; sourceTree = "<group>"; };
		A602BBAD1E5ED9FF003713E9 /* CameraViewController.swift */ = {isa = PBXFileReference; fileEncoding = 4; lastKnownFileType = sourcecode.swift; path = CameraViewController.swift; sourceTree = "<group>"; };
		A602BBAF1E5EDA32003713E9 /* CameraSlider.swift */ = {isa = PBXFileReference; fileEncoding = 4; lastKnownFileType = sourcecode.swift; path = CameraSlider.swift; sourceTree = "<group>"; };
		A602BBB11E5EDA53003713E9 /* CameraSliderDelegate.swift */ = {isa = PBXFileReference; fileEncoding = 4; lastKnownFileType = sourcecode.swift; path = CameraSliderDelegate.swift; sourceTree = "<group>"; };
		A602BBB41E5EDAA4003713E9 /* CameraEngine.h */ = {isa = PBXFileReference; fileEncoding = 4; lastKnownFileType = sourcecode.c.h; path = CameraEngine.h; sourceTree = "<group>"; };
		A602BBB51E5EDAA4003713E9 /* CameraEngine.swift */ = {isa = PBXFileReference; fileEncoding = 4; lastKnownFileType = sourcecode.swift; path = CameraEngine.swift; sourceTree = "<group>"; };
		A602BBB61E5EDAA4003713E9 /* CameraEngineCaptureOutput.swift */ = {isa = PBXFileReference; fileEncoding = 4; lastKnownFileType = sourcecode.swift; path = CameraEngineCaptureOutput.swift; sourceTree = "<group>"; };
		A602BBB71E5EDAA4003713E9 /* CameraEngineDevice.swift */ = {isa = PBXFileReference; fileEncoding = 4; lastKnownFileType = sourcecode.swift; path = CameraEngineDevice.swift; sourceTree = "<group>"; };
		A602BBB81E5EDAA4003713E9 /* CameraEngineDeviceInput.swift */ = {isa = PBXFileReference; fileEncoding = 4; lastKnownFileType = sourcecode.swift; path = CameraEngineDeviceInput.swift; sourceTree = "<group>"; };
		A602BBB91E5EDAA4003713E9 /* CameraEngineFileManager.swift */ = {isa = PBXFileReference; fileEncoding = 4; lastKnownFileType = sourcecode.swift; path = CameraEngineFileManager.swift; sourceTree = "<group>"; };
		A602BBBA1E5EDAA4003713E9 /* CameraEngineGifEncoder.swift */ = {isa = PBXFileReference; fileEncoding = 4; lastKnownFileType = sourcecode.swift; path = CameraEngineGifEncoder.swift; sourceTree = "<group>"; };
		A602BBBB1E5EDAA4003713E9 /* CameraEngineMetadataOutput.swift */ = {isa = PBXFileReference; fileEncoding = 4; lastKnownFileType = sourcecode.swift; path = CameraEngineMetadataOutput.swift; sourceTree = "<group>"; };
		A602BBBC1E5EDAA4003713E9 /* CameraEngineVideoEncoder.swift */ = {isa = PBXFileReference; fileEncoding = 4; lastKnownFileType = sourcecode.swift; path = CameraEngineVideoEncoder.swift; sourceTree = "<group>"; };
		A602BBBD1E5EDAA4003713E9 /* Info.plist */ = {isa = PBXFileReference; fileEncoding = 4; lastKnownFileType = text.plist.xml; path = Info.plist; sourceTree = "<group>"; };
		A602BBC91E5EDAFF003713E9 /* SheetActionCollectionViewCell.swift */ = {isa = PBXFileReference; fileEncoding = 4; lastKnownFileType = sourcecode.swift; path = SheetActionCollectionViewCell.swift; sourceTree = "<group>"; };
		A602BBCA1E5EDAFF003713E9 /* SheetCollectionViewCell.swift */ = {isa = PBXFileReference; fileEncoding = 4; lastKnownFileType = sourcecode.swift; path = SheetCollectionViewCell.swift; sourceTree = "<group>"; };
		A602BBCB1E5EDAFF003713E9 /* SheetCollectionViewLayout.swift */ = {isa = PBXFileReference; fileEncoding = 4; lastKnownFileType = sourcecode.swift; path = SheetCollectionViewLayout.swift; sourceTree = "<group>"; };
		A602BBCC1E5EDAFF003713E9 /* SheetController.swift */ = {isa = PBXFileReference; fileEncoding = 4; lastKnownFileType = sourcecode.swift; path = SheetController.swift; sourceTree = "<group>"; };
		A602BBCD1E5EDAFF003713E9 /* SheetPreviewCollectionViewCell.swift */ = {isa = PBXFileReference; fileEncoding = 4; lastKnownFileType = sourcecode.swift; path = SheetPreviewCollectionViewCell.swift; sourceTree = "<group>"; };
		A602BBD41E5EDB34003713E9 /* ImagePickerCollectionCell.swift */ = {isa = PBXFileReference; fileEncoding = 4; lastKnownFileType = sourcecode.swift; path = ImagePickerCollectionCell.swift; sourceTree = "<group>"; };
		A602BBD51E5EDB34003713E9 /* ImagePickerCollectionCell.xib */ = {isa = PBXFileReference; fileEncoding = 4; lastKnownFileType = file.xib; path = ImagePickerCollectionCell.xib; sourceTree = "<group>"; };
		A602BBD61E5EDB34003713E9 /* ImagePickerLiveCameraCollectionCell.swift */ = {isa = PBXFileReference; fileEncoding = 4; lastKnownFileType = sourcecode.swift; path = ImagePickerLiveCameraCollectionCell.swift; sourceTree = "<group>"; };
		A602BBD71E5EDB34003713E9 /* ImagePickerLiveCameraCollectionCell.xib */ = {isa = PBXFileReference; fileEncoding = 4; lastKnownFileType = file.xib; path = ImagePickerLiveCameraCollectionCell.xib; sourceTree = "<group>"; };
		A602BBDD1E5EDB69003713E9 /* PreviewCollectionView.swift */ = {isa = PBXFileReference; fileEncoding = 4; lastKnownFileType = sourcecode.swift; path = PreviewCollectionView.swift; sourceTree = "<group>"; };
		A602BBDE1E5EDB69003713E9 /* PreviewCollectionViewCell.swift */ = {isa = PBXFileReference; fileEncoding = 4; lastKnownFileType = sourcecode.swift; path = PreviewCollectionViewCell.swift; sourceTree = "<group>"; };
		A602BBDF1E5EDB69003713E9 /* PreviewCollectionViewLayout.swift */ = {isa = PBXFileReference; fileEncoding = 4; lastKnownFileType = sourcecode.swift; path = PreviewCollectionViewLayout.swift; sourceTree = "<group>"; };
		A602BBE01E5EDB69003713E9 /* PreviewSupplementaryView.swift */ = {isa = PBXFileReference; fileEncoding = 4; lastKnownFileType = sourcecode.swift; path = PreviewSupplementaryView.swift; sourceTree = "<group>"; };
		A602BBE61E5EDC09003713E9 /* Images.xcassets */ = {isa = PBXFileReference; lastKnownFileType = folder.assetcatalog; path = Images.xcassets; sourceTree = "<group>"; };
		A602BBED1E5EDF66003713E9 /* AKImagePickerControllerExample.app */ = {isa = PBXFileReference; explicitFileType = wrapper.application; includeInIndex = 0; path = AKImagePickerControllerExample.app; sourceTree = BUILT_PRODUCTS_DIR; };
		A602BBEF1E5EDF66003713E9 /* AppDelegate.swift */ = {isa = PBXFileReference; lastKnownFileType = sourcecode.swift; path = AppDelegate.swift; sourceTree = "<group>"; };
		A602BBF11E5EDF66003713E9 /* ViewController.swift */ = {isa = PBXFileReference; lastKnownFileType = sourcecode.swift; path = ViewController.swift; sourceTree = "<group>"; };
		A602BBF41E5EDF66003713E9 /* Base */ = {isa = PBXFileReference; lastKnownFileType = file.storyboard; name = Base; path = Base.lproj/Main.storyboard; sourceTree = "<group>"; };
		A602BBF61E5EDF66003713E9 /* Assets.xcassets */ = {isa = PBXFileReference; lastKnownFileType = folder.assetcatalog; path = Assets.xcassets; sourceTree = "<group>"; };
		A602BBF91E5EDF66003713E9 /* Base */ = {isa = PBXFileReference; lastKnownFileType = file.storyboard; name = Base; path = Base.lproj/LaunchScreen.storyboard; sourceTree = "<group>"; };
		A602BBFB1E5EDF66003713E9 /* Info.plist */ = {isa = PBXFileReference; lastKnownFileType = text.plist.xml; path = Info.plist; sourceTree = "<group>"; };
		A602BC091E5EE223003713E9 /* AnimationController.swift */ = {isa = PBXFileReference; fileEncoding = 4; lastKnownFileType = sourcecode.swift; path = AnimationController.swift; sourceTree = "<group>"; };
		A602BC0A1E5EE223003713E9 /* ImagePickerAction.swift */ = {isa = PBXFileReference; fileEncoding = 4; lastKnownFileType = sourcecode.swift; path = ImagePickerAction.swift; sourceTree = "<group>"; };
		A602BC0B1E5EE223003713E9 /* AKImagePickerController.swift */ = {isa = PBXFileReference; fileEncoding = 4; lastKnownFileType = sourcecode.swift; path = AKImagePickerController.swift; sourceTree = "<group>"; };
		A645B0001E6458B300E2A0D9 /* ImagePickerControllerDelegate.swift */ = {isa = PBXFileReference; fileEncoding = 4; lastKnownFileType = sourcecode.swift; path = ImagePickerControllerDelegate.swift; sourceTree = "<group>"; };
		A67A12181E632F61002923CE /* ar */ = {isa = PBXFileReference; lastKnownFileType = text.plist.strings; name = ar; path = TOCropViewControllerLocalizable.strings; sourceTree = "<group>"; };
		A67A121B1E632F62002923CE /* Base */ = {isa = PBXFileReference; lastKnownFileType = text.plist.strings; name = Base; path = TOCropViewControllerLocalizable.strings; sourceTree = "<group>"; };
		A67A121E1E632F62002923CE /* da */ = {isa = PBXFileReference; lastKnownFileType = text.plist.strings; name = da; path = TOCropViewControllerLocalizable.strings; sourceTree = "<group>"; };
		A67A12211E632F62002923CE /* de */ = {isa = PBXFileReference; lastKnownFileType = text.plist.strings; name = de; path = TOCropViewControllerLocalizable.strings; sourceTree = "<group>"; };
		A67A12241E632F62002923CE /* en */ = {isa = PBXFileReference; lastKnownFileType = text.plist.strings; name = en; path = TOCropViewControllerLocalizable.strings; sourceTree = "<group>"; };
		A67A12271E632F62002923CE /* es */ = {isa = PBXFileReference; lastKnownFileType = text.plist.strings; name = es; path = TOCropViewControllerLocalizable.strings; sourceTree = "<group>"; };
		A67A122A1E632F62002923CE /* fr */ = {isa = PBXFileReference; lastKnownFileType = text.plist.strings; name = fr; path = TOCropViewControllerLocalizable.strings; sourceTree = "<group>"; };
		A67A122D1E632F62002923CE /* id */ = {isa = PBXFileReference; lastKnownFileType = text.plist.strings; name = id; path = TOCropViewControllerLocalizable.strings; sourceTree = "<group>"; };
		A67A122E1E632F62002923CE /* Info.plist */ = {isa = PBXFileReference; fileEncoding = 4; lastKnownFileType = text.plist.xml; path = Info.plist; sourceTree = "<group>"; };
		A67A12311E632F62002923CE /* it */ = {isa = PBXFileReference; lastKnownFileType = text.plist.strings; name = it; path = TOCropViewControllerLocalizable.strings; sourceTree = "<group>"; };
		A67A12341E632F62002923CE /* ja */ = {isa = PBXFileReference; lastKnownFileType = text.plist.strings; name = ja; path = TOCropViewControllerLocalizable.strings; sourceTree = "<group>"; };
		A67A12371E632F62002923CE /* ko */ = {isa = PBXFileReference; lastKnownFileType = text.plist.strings; name = ko; path = TOCropViewControllerLocalizable.strings; sourceTree = "<group>"; };
		A67A12391E632F62002923CE /* TOActivityCroppedImageProvider.h */ = {isa = PBXFileReference; fileEncoding = 4; lastKnownFileType = sourcecode.c.h; path = TOActivityCroppedImageProvider.h; sourceTree = "<group>"; };
		A67A123A1E632F62002923CE /* TOActivityCroppedImageProvider.m */ = {isa = PBXFileReference; fileEncoding = 4; lastKnownFileType = sourcecode.c.objc; path = TOActivityCroppedImageProvider.m; sourceTree = "<group>"; };
		A67A123B1E632F62002923CE /* TOCroppedImageAttributes.h */ = {isa = PBXFileReference; fileEncoding = 4; lastKnownFileType = sourcecode.c.h; path = TOCroppedImageAttributes.h; sourceTree = "<group>"; };
		A67A123C1E632F62002923CE /* TOCroppedImageAttributes.m */ = {isa = PBXFileReference; fileEncoding = 4; lastKnownFileType = sourcecode.c.objc; path = TOCroppedImageAttributes.m; sourceTree = "<group>"; };
		A67A123D1E632F62002923CE /* TOCropViewControllerTransitioning.h */ = {isa = PBXFileReference; fileEncoding = 4; lastKnownFileType = sourcecode.c.h; path = TOCropViewControllerTransitioning.h; sourceTree = "<group>"; };
		A67A123E1E632F62002923CE /* TOCropViewControllerTransitioning.m */ = {isa = PBXFileReference; fileEncoding = 4; lastKnownFileType = sourcecode.c.objc; path = TOCropViewControllerTransitioning.m; sourceTree = "<group>"; };
		A67A123F1E632F62002923CE /* UIImage+CropRotate.h */ = {isa = PBXFileReference; fileEncoding = 4; lastKnownFileType = sourcecode.c.h; path = "UIImage+CropRotate.h"; sourceTree = "<group>"; };
		A67A12401E632F62002923CE /* UIImage+CropRotate.m */ = {isa = PBXFileReference; fileEncoding = 4; lastKnownFileType = sourcecode.c.objc; path = "UIImage+CropRotate.m"; sourceTree = "<group>"; };
		A67A12431E632F62002923CE /* nl */ = {isa = PBXFileReference; lastKnownFileType = text.plist.strings; name = nl; path = TOCropViewControllerLocalizable.strings; sourceTree = "<group>"; };
		A67A12461E632F62002923CE /* pl */ = {isa = PBXFileReference; lastKnownFileType = text.plist.strings; name = pl; path = TOCropViewControllerLocalizable.strings; sourceTree = "<group>"; };
		A67A12491E632F62002923CE /* pt */ = {isa = PBXFileReference; lastKnownFileType = text.plist.strings; name = pt; path = TOCropViewControllerLocalizable.strings; sourceTree = "<group>"; };
		A67A124C1E632F62002923CE /* ru */ = {isa = PBXFileReference; lastKnownFileType = text.plist.strings; name = ru; path = TOCropViewControllerLocalizable.strings; sourceTree = "<group>"; };
		A67A124D1E632F62002923CE /* TOCropViewController-Bridging-Header.h */ = {isa = PBXFileReference; fileEncoding = 4; lastKnownFileType = sourcecode.c.h; path = "TOCropViewController-Bridging-Header.h"; sourceTree = "<group>"; };
		A67A124E1E632F62002923CE /* TOCropViewController.h */ = {isa = PBXFileReference; fileEncoding = 4; lastKnownFileType = sourcecode.c.h; path = TOCropViewController.h; sourceTree = "<group>"; };
		A67A124F1E632F62002923CE /* TOCropViewController.m */ = {isa = PBXFileReference; fileEncoding = 4; lastKnownFileType = sourcecode.c.objc; path = TOCropViewController.m; sourceTree = "<group>"; };
		A67A12521E632F62002923CE /* tr */ = {isa = PBXFileReference; lastKnownFileType = text.plist.strings; name = tr; path = TOCropViewControllerLocalizable.strings; sourceTree = "<group>"; };
		A67A12551E632F62002923CE /* vi */ = {isa = PBXFileReference; lastKnownFileType = text.plist.strings; name = vi; path = TOCropViewControllerLocalizable.strings; sourceTree = "<group>"; };
		A67A12571E632F62002923CE /* TOCropOverlayView.h */ = {isa = PBXFileReference; fileEncoding = 4; lastKnownFileType = sourcecode.c.h; path = TOCropOverlayView.h; sourceTree = "<group>"; };
		A67A12581E632F62002923CE /* TOCropOverlayView.m */ = {isa = PBXFileReference; fileEncoding = 4; lastKnownFileType = sourcecode.c.objc; path = TOCropOverlayView.m; sourceTree = "<group>"; };
		A67A12591E632F62002923CE /* TOCropScrollView.h */ = {isa = PBXFileReference; fileEncoding = 4; lastKnownFileType = sourcecode.c.h; path = TOCropScrollView.h; sourceTree = "<group>"; };
		A67A125A1E632F62002923CE /* TOCropScrollView.m */ = {isa = PBXFileReference; fileEncoding = 4; lastKnownFileType = sourcecode.c.objc; path = TOCropScrollView.m; sourceTree = "<group>"; };
		A67A125B1E632F62002923CE /* TOCropToolbar.h */ = {isa = PBXFileReference; fileEncoding = 4; lastKnownFileType = sourcecode.c.h; path = TOCropToolbar.h; sourceTree = "<group>"; };
		A67A125C1E632F62002923CE /* TOCropToolbar.m */ = {isa = PBXFileReference; fileEncoding = 4; lastKnownFileType = sourcecode.c.objc; path = TOCropToolbar.m; sourceTree = "<group>"; };
		A67A125D1E632F62002923CE /* TOCropView.h */ = {isa = PBXFileReference; fileEncoding = 4; lastKnownFileType = sourcecode.c.h; path = TOCropView.h; sourceTree = "<group>"; };
		A67A125E1E632F62002923CE /* TOCropView.m */ = {isa = PBXFileReference; fileEncoding = 4; lastKnownFileType = sourcecode.c.objc; path = TOCropView.m; sourceTree = "<group>"; };
		A67A12611E632F62002923CE /* zh-Hans */ = {isa = PBXFileReference; lastKnownFileType = text.plist.strings; name = "zh-Hans"; path = TOCropViewControllerLocalizable.strings; sourceTree = "<group>"; };
		A67A12641E632F62002923CE /* zh-Hant */ = {isa = PBXFileReference; lastKnownFileType = text.plist.strings; name = "zh-Hant"; path = TOCropViewControllerLocalizable.strings; sourceTree = "<group>"; };
		A68B5A0B1E64E75900654CC7 /* CameraViewControllerDelegate.swift */ = {isa = PBXFileReference; fileEncoding = 4; lastKnownFileType = sourcecode.swift; path = CameraViewControllerDelegate.swift; sourceTree = "<group>"; };
/* End PBXFileReference section */

/* Begin PBXFrameworksBuildPhase section */
		A602BB9D1E5ECFB4003713E9 /* Frameworks */ = {
			isa = PBXFrameworksBuildPhase;
			buildActionMask = 2147483647;
			files = (
			);
			runOnlyForDeploymentPostprocessing = 0;
		};
		A602BBEA1E5EDF66003713E9 /* Frameworks */ = {
			isa = PBXFrameworksBuildPhase;
			buildActionMask = 2147483647;
			files = (
				A6BA27DE1E5EE3F400A61627 /* AKImagePickerController.framework in Frameworks */,
			);
			runOnlyForDeploymentPostprocessing = 0;
		};
/* End PBXFrameworksBuildPhase section */

/* Begin PBXGroup section */
		A602BB971E5ECFB4003713E9 = {
			isa = PBXGroup;
			children = (
				A602BBA31E5ECFB4003713E9 /* ImagePicker */,
				A602BBEE1E5EDF66003713E9 /* ImagePickerExample */,
				A602BBA21E5ECFB4003713E9 /* Products */,
			);
			sourceTree = "<group>";
		};
		A602BBA21E5ECFB4003713E9 /* Products */ = {
			isa = PBXGroup;
			children = (
				A602BBA11E5ECFB4003713E9 /* AKImagePickerController.framework */,
				A602BBED1E5EDF66003713E9 /* AKImagePickerControllerExample.app */,
			);
			name = Products;
			sourceTree = "<group>";
		};
		A602BBA31E5ECFB4003713E9 /* ImagePicker */ = {
			isa = PBXGroup;
			children = (
				A602BC081E5EE1ED003713E9 /* ImagePickerGroup */,
				A602BBC81E5EDACA003713E9 /* SheetGroup */,
				A602BBB31E5EDA63003713E9 /* CameraEngineGroup */,
				A602BBAC1E5ED9C5003713E9 /* CemaraGroup */,
				A67A12151E632E88002923CE /* TOCropViewController */,
				A602BBE51E5EDBDA003713E9 /* Resource */,
				A602BBA41E5ECFB4003713E9 /* AKImagePickerController.h */,
				A602BBA51E5ECFB4003713E9 /* Info.plist */,
			);
			path = ImagePicker;
			sourceTree = "<group>";
		};
		A602BBAC1E5ED9C5003713E9 /* CemaraGroup */ = {
			isa = PBXGroup;
			children = (
				A68B5A0A1E64E6DC00654CC7 /* Delegates */,
				A602BBAD1E5ED9FF003713E9 /* CameraViewController.swift */,
				A602BBAF1E5EDA32003713E9 /* CameraSlider.swift */,
				A602BBB11E5EDA53003713E9 /* CameraSliderDelegate.swift */,
			);
			path = CemaraGroup;
			sourceTree = "<group>";
		};
		A602BBB31E5EDA63003713E9 /* CameraEngineGroup */ = {
			isa = PBXGroup;
			children = (
				A602BBB41E5EDAA4003713E9 /* CameraEngine.h */,
				A602BBB51E5EDAA4003713E9 /* CameraEngine.swift */,
				A602BBB61E5EDAA4003713E9 /* CameraEngineCaptureOutput.swift */,
				A602BBB71E5EDAA4003713E9 /* CameraEngineDevice.swift */,
				A602BBB81E5EDAA4003713E9 /* CameraEngineDeviceInput.swift */,
				A602BBB91E5EDAA4003713E9 /* CameraEngineFileManager.swift */,
				A602BBBA1E5EDAA4003713E9 /* CameraEngineGifEncoder.swift */,
				A602BBBB1E5EDAA4003713E9 /* CameraEngineMetadataOutput.swift */,
				A602BBBC1E5EDAA4003713E9 /* CameraEngineVideoEncoder.swift */,
				A602BBBD1E5EDAA4003713E9 /* Info.plist */,
			);
			path = CameraEngineGroup;
			sourceTree = "<group>";
		};
		A602BBC81E5EDACA003713E9 /* SheetGroup */ = {
			isa = PBXGroup;
			children = (
				A602BBDC1E5EDB44003713E9 /* Preview */,
				A602BBD31E5EDB07003713E9 /* Cells */,
				A602BBC91E5EDAFF003713E9 /* SheetActionCollectionViewCell.swift */,
				A602BBCA1E5EDAFF003713E9 /* SheetCollectionViewCell.swift */,
				A602BBCB1E5EDAFF003713E9 /* SheetCollectionViewLayout.swift */,
				A602BBCC1E5EDAFF003713E9 /* SheetController.swift */,
				A602BBCD1E5EDAFF003713E9 /* SheetPreviewCollectionViewCell.swift */,
			);
			path = SheetGroup;
			sourceTree = "<group>";
		};
		A602BBD31E5EDB07003713E9 /* Cells */ = {
			isa = PBXGroup;
			children = (
				A602BBD41E5EDB34003713E9 /* ImagePickerCollectionCell.swift */,
				A602BBD51E5EDB34003713E9 /* ImagePickerCollectionCell.xib */,
				A602BBD61E5EDB34003713E9 /* ImagePickerLiveCameraCollectionCell.swift */,
				A602BBD71E5EDB34003713E9 /* ImagePickerLiveCameraCollectionCell.xib */,
			);
			path = Cells;
			sourceTree = "<group>";
		};
		A602BBDC1E5EDB44003713E9 /* Preview */ = {
			isa = PBXGroup;
			children = (
				A602BBDD1E5EDB69003713E9 /* PreviewCollectionView.swift */,
				A602BBDE1E5EDB69003713E9 /* PreviewCollectionViewCell.swift */,
				A602BBDF1E5EDB69003713E9 /* PreviewCollectionViewLayout.swift */,
				A602BBE01E5EDB69003713E9 /* PreviewSupplementaryView.swift */,
			);
			path = Preview;
			sourceTree = "<group>";
		};
		A602BBE51E5EDBDA003713E9 /* Resource */ = {
			isa = PBXGroup;
			children = (
				A602BBE61E5EDC09003713E9 /* Images.xcassets */,
			);
			path = Resource;
			sourceTree = "<group>";
		};
		A602BBEE1E5EDF66003713E9 /* ImagePickerExample */ = {
			isa = PBXGroup;
			children = (
				A602BBEF1E5EDF66003713E9 /* AppDelegate.swift */,
				A602BBF11E5EDF66003713E9 /* ViewController.swift */,
				A602BBF31E5EDF66003713E9 /* Main.storyboard */,
				A602BBF61E5EDF66003713E9 /* Assets.xcassets */,
				A602BBF81E5EDF66003713E9 /* LaunchScreen.storyboard */,
				A602BBFB1E5EDF66003713E9 /* Info.plist */,
			);
			path = ImagePickerExample;
			sourceTree = "<group>";
		};
		A602BC081E5EE1ED003713E9 /* ImagePickerGroup */ = {
			isa = PBXGroup;
			children = (
				A645AFFF1E64588000E2A0D9 /* Delegates */,
				A602BC091E5EE223003713E9 /* AnimationController.swift */,
				A602BC0A1E5EE223003713E9 /* ImagePickerAction.swift */,
				A602BC0B1E5EE223003713E9 /* AKImagePickerController.swift */,
			);
			path = ImagePickerGroup;
			sourceTree = "<group>";
		};
		A645AFFF1E64588000E2A0D9 /* Delegates */ = {
			isa = PBXGroup;
			children = (
				A645B0001E6458B300E2A0D9 /* ImagePickerControllerDelegate.swift */,
			);
			path = Delegates;
			sourceTree = "<group>";
		};
		A67A12151E632E88002923CE /* TOCropViewController */ = {
			isa = PBXGroup;
			children = (
				A67A12161E632F61002923CE /* ar.lproj */,
				A67A12191E632F62002923CE /* Base.lproj */,
				A67A121C1E632F62002923CE /* da.lproj */,
				A67A121F1E632F62002923CE /* de.lproj */,
				A67A12221E632F62002923CE /* en.lproj */,
				A67A12251E632F62002923CE /* es.lproj */,
				A67A12281E632F62002923CE /* fr.lproj */,
				A67A122B1E632F62002923CE /* id.lproj */,
				A67A122E1E632F62002923CE /* Info.plist */,
				A67A122F1E632F62002923CE /* it.lproj */,
				A67A12321E632F62002923CE /* ja.lproj */,
				A67A12351E632F62002923CE /* ko.lproj */,
				A67A12381E632F62002923CE /* Models */,
				A67A12411E632F62002923CE /* nl.lproj */,
				A67A12441E632F62002923CE /* pl.lproj */,
				A67A12471E632F62002923CE /* pt.lproj */,
				A67A124A1E632F62002923CE /* ru.lproj */,
				A67A124D1E632F62002923CE /* TOCropViewController-Bridging-Header.h */,
				A67A124E1E632F62002923CE /* TOCropViewController.h */,
				A67A124F1E632F62002923CE /* TOCropViewController.m */,
				A67A12501E632F62002923CE /* tr.lproj */,
				A67A12531E632F62002923CE /* vi.lproj */,
				A67A12561E632F62002923CE /* Views */,
				A67A125F1E632F62002923CE /* zh-Hans.lproj */,
				A67A12621E632F62002923CE /* zh-Hant.lproj */,
			);
			path = TOCropViewController;
			sourceTree = "<group>";
		};
		A67A12161E632F61002923CE /* ar.lproj */ = {
			isa = PBXGroup;
			children = (
				A67A12171E632F61002923CE /* TOCropViewControllerLocalizable.strings */,
			);
			path = ar.lproj;
			sourceTree = "<group>";
		};
		A67A12191E632F62002923CE /* Base.lproj */ = {
			isa = PBXGroup;
			children = (
				A67A121A1E632F62002923CE /* TOCropViewControllerLocalizable.strings */,
			);
			path = Base.lproj;
			sourceTree = "<group>";
		};
		A67A121C1E632F62002923CE /* da.lproj */ = {
			isa = PBXGroup;
			children = (
				A67A121D1E632F62002923CE /* TOCropViewControllerLocalizable.strings */,
			);
			path = da.lproj;
			sourceTree = "<group>";
		};
		A67A121F1E632F62002923CE /* de.lproj */ = {
			isa = PBXGroup;
			children = (
				A67A12201E632F62002923CE /* TOCropViewControllerLocalizable.strings */,
			);
			path = de.lproj;
			sourceTree = "<group>";
		};
		A67A12221E632F62002923CE /* en.lproj */ = {
			isa = PBXGroup;
			children = (
				A67A12231E632F62002923CE /* TOCropViewControllerLocalizable.strings */,
			);
			path = en.lproj;
			sourceTree = "<group>";
		};
		A67A12251E632F62002923CE /* es.lproj */ = {
			isa = PBXGroup;
			children = (
				A67A12261E632F62002923CE /* TOCropViewControllerLocalizable.strings */,
			);
			path = es.lproj;
			sourceTree = "<group>";
		};
		A67A12281E632F62002923CE /* fr.lproj */ = {
			isa = PBXGroup;
			children = (
				A67A12291E632F62002923CE /* TOCropViewControllerLocalizable.strings */,
			);
			path = fr.lproj;
			sourceTree = "<group>";
		};
		A67A122B1E632F62002923CE /* id.lproj */ = {
			isa = PBXGroup;
			children = (
				A67A122C1E632F62002923CE /* TOCropViewControllerLocalizable.strings */,
			);
			path = id.lproj;
			sourceTree = "<group>";
		};
		A67A122F1E632F62002923CE /* it.lproj */ = {
			isa = PBXGroup;
			children = (
				A67A12301E632F62002923CE /* TOCropViewControllerLocalizable.strings */,
			);
			path = it.lproj;
			sourceTree = "<group>";
		};
		A67A12321E632F62002923CE /* ja.lproj */ = {
			isa = PBXGroup;
			children = (
				A67A12331E632F62002923CE /* TOCropViewControllerLocalizable.strings */,
			);
			path = ja.lproj;
			sourceTree = "<group>";
		};
		A67A12351E632F62002923CE /* ko.lproj */ = {
			isa = PBXGroup;
			children = (
				A67A12361E632F62002923CE /* TOCropViewControllerLocalizable.strings */,
			);
			path = ko.lproj;
			sourceTree = "<group>";
		};
		A67A12381E632F62002923CE /* Models */ = {
			isa = PBXGroup;
			children = (
				A67A12391E632F62002923CE /* TOActivityCroppedImageProvider.h */,
				A67A123A1E632F62002923CE /* TOActivityCroppedImageProvider.m */,
				A67A123B1E632F62002923CE /* TOCroppedImageAttributes.h */,
				A67A123C1E632F62002923CE /* TOCroppedImageAttributes.m */,
				A67A123D1E632F62002923CE /* TOCropViewControllerTransitioning.h */,
				A67A123E1E632F62002923CE /* TOCropViewControllerTransitioning.m */,
				A67A123F1E632F62002923CE /* UIImage+CropRotate.h */,
				A67A12401E632F62002923CE /* UIImage+CropRotate.m */,
			);
			path = Models;
			sourceTree = "<group>";
		};
		A67A12411E632F62002923CE /* nl.lproj */ = {
			isa = PBXGroup;
			children = (
				A67A12421E632F62002923CE /* TOCropViewControllerLocalizable.strings */,
			);
			path = nl.lproj;
			sourceTree = "<group>";
		};
		A67A12441E632F62002923CE /* pl.lproj */ = {
			isa = PBXGroup;
			children = (
				A67A12451E632F62002923CE /* TOCropViewControllerLocalizable.strings */,
			);
			path = pl.lproj;
			sourceTree = "<group>";
		};
		A67A12471E632F62002923CE /* pt.lproj */ = {
			isa = PBXGroup;
			children = (
				A67A12481E632F62002923CE /* TOCropViewControllerLocalizable.strings */,
			);
			path = pt.lproj;
			sourceTree = "<group>";
		};
		A67A124A1E632F62002923CE /* ru.lproj */ = {
			isa = PBXGroup;
			children = (
				A67A124B1E632F62002923CE /* TOCropViewControllerLocalizable.strings */,
			);
			path = ru.lproj;
			sourceTree = "<group>";
		};
		A67A12501E632F62002923CE /* tr.lproj */ = {
			isa = PBXGroup;
			children = (
				A67A12511E632F62002923CE /* TOCropViewControllerLocalizable.strings */,
			);
			path = tr.lproj;
			sourceTree = "<group>";
		};
		A67A12531E632F62002923CE /* vi.lproj */ = {
			isa = PBXGroup;
			children = (
				A67A12541E632F62002923CE /* TOCropViewControllerLocalizable.strings */,
			);
			path = vi.lproj;
			sourceTree = "<group>";
		};
		A67A12561E632F62002923CE /* Views */ = {
			isa = PBXGroup;
			children = (
				A67A12571E632F62002923CE /* TOCropOverlayView.h */,
				A67A12581E632F62002923CE /* TOCropOverlayView.m */,
				A67A12591E632F62002923CE /* TOCropScrollView.h */,
				A67A125A1E632F62002923CE /* TOCropScrollView.m */,
				A67A125B1E632F62002923CE /* TOCropToolbar.h */,
				A67A125C1E632F62002923CE /* TOCropToolbar.m */,
				A67A125D1E632F62002923CE /* TOCropView.h */,
				A67A125E1E632F62002923CE /* TOCropView.m */,
			);
			path = Views;
			sourceTree = "<group>";
		};
		A67A125F1E632F62002923CE /* zh-Hans.lproj */ = {
			isa = PBXGroup;
			children = (
				A67A12601E632F62002923CE /* TOCropViewControllerLocalizable.strings */,
			);
			path = "zh-Hans.lproj";
			sourceTree = "<group>";
		};
		A67A12621E632F62002923CE /* zh-Hant.lproj */ = {
			isa = PBXGroup;
			children = (
				A67A12631E632F62002923CE /* TOCropViewControllerLocalizable.strings */,
			);
			path = "zh-Hant.lproj";
			sourceTree = "<group>";
		};
		A68B5A0A1E64E6DC00654CC7 /* Delegates */ = {
			isa = PBXGroup;
			children = (
				A68B5A0B1E64E75900654CC7 /* CameraViewControllerDelegate.swift */,
			);
			path = Delegates;
			sourceTree = "<group>";
		};
/* End PBXGroup section */

/* Begin PBXHeadersBuildPhase section */
		A602BB9E1E5ECFB4003713E9 /* Headers */ = {
			isa = PBXHeadersBuildPhase;
			buildActionMask = 2147483647;
			files = (
				A602BBA61E5ECFB4003713E9 /* AKImagePickerController.h in Headers */,
				A67A127E1E632F62002923CE /* TOCropViewController.h in Headers */,
				A67A12821E632F62002923CE /* TOCropOverlayView.h in Headers */,
				A67A12861E632F62002923CE /* TOCropToolbar.h in Headers */,
				A67A12881E632F62002923CE /* TOCropView.h in Headers */,
				A67A127D1E632F62002923CE /* TOCropViewController-Bridging-Header.h in Headers */,
				A67A12841E632F62002923CE /* TOCropScrollView.h in Headers */,
				A602BBBE1E5EDAA4003713E9 /* CameraEngine.h in Headers */,
				A67A12731E632F62002923CE /* TOCroppedImageAttributes.h in Headers */,
				A67A12751E632F62002923CE /* TOCropViewControllerTransitioning.h in Headers */,
				A67A12711E632F62002923CE /* TOActivityCroppedImageProvider.h in Headers */,
				A67A12771E632F62002923CE /* UIImage+CropRotate.h in Headers */,
			);
			runOnlyForDeploymentPostprocessing = 0;
		};
/* End PBXHeadersBuildPhase section */

/* Begin PBXNativeTarget section */
		A602BBA01E5ECFB4003713E9 /* AKImagePickerController */ = {
			isa = PBXNativeTarget;
			buildConfigurationList = A602BBA91E5ECFB4003713E9 /* Build configuration list for PBXNativeTarget "AKImagePickerController" */;
			buildPhases = (
				A602BB9C1E5ECFB4003713E9 /* Sources */,
				A602BB9D1E5ECFB4003713E9 /* Frameworks */,
				A602BB9E1E5ECFB4003713E9 /* Headers */,
				A602BB9F1E5ECFB4003713E9 /* Resources */,
			);
			buildRules = (
			);
			dependencies = (
			);
			name = AKImagePickerController;
			productName = ImagePicker;
			productReference = A602BBA11E5ECFB4003713E9 /* AKImagePickerController.framework */;
			productType = "com.apple.product-type.framework";
		};
		A602BBEC1E5EDF66003713E9 /* AKImagePickerControllerExample */ = {
			isa = PBXNativeTarget;
			buildConfigurationList = A602BBFC1E5EDF66003713E9 /* Build configuration list for PBXNativeTarget "AKImagePickerControllerExample" */;
			buildPhases = (
				A602BBE91E5EDF66003713E9 /* Sources */,
				A602BBEA1E5EDF66003713E9 /* Frameworks */,
				A602BBEB1E5EDF66003713E9 /* Resources */,
				A6BA27E21E5EE3F400A61627 /* Embed Frameworks */,
			);
			buildRules = (
			);
			dependencies = (
				A6BA27E11E5EE3F400A61627 /* PBXTargetDependency */,
			);
			name = AKImagePickerControllerExample;
			productName = ImagePickerExample;
			productReference = A602BBED1E5EDF66003713E9 /* AKImagePickerControllerExample.app */;
			productType = "com.apple.product-type.application";
		};
/* End PBXNativeTarget section */

/* Begin PBXProject section */
		A602BB981E5ECFB4003713E9 /* Project object */ = {
			isa = PBXProject;
			attributes = {
				LastSwiftUpdateCheck = 0820;
				LastUpgradeCheck = 0820;
				ORGANIZATIONNAME = "Alexsander Khitev";
				TargetAttributes = {
					A602BBA01E5ECFB4003713E9 = {
						CreatedOnToolsVersion = 8.2.1;
						DevelopmentTeam = 35L77VM7C3;
						LastSwiftMigration = 0820;
						ProvisioningStyle = Automatic;
					};
					A602BBEC1E5EDF66003713E9 = {
						CreatedOnToolsVersion = 8.2.1;
						DevelopmentTeam = 35L77VM7C3;
						ProvisioningStyle = Automatic;
					};
				};
			};
			buildConfigurationList = A602BB9B1E5ECFB4003713E9 /* Build configuration list for PBXProject "AKImagePickerController" */;
			compatibilityVersion = "Xcode 3.2";
			developmentRegion = English;
			hasScannedForEncodings = 0;
			knownRegions = (
				en,
				Base,
				ar,
				da,
				de,
				es,
				fr,
				id,
				it,
				ja,
				ko,
				nl,
				pl,
				pt,
				ru,
				tr,
				vi,
				"zh-Hans",
				"zh-Hant",
			);
			mainGroup = A602BB971E5ECFB4003713E9;
			productRefGroup = A602BBA21E5ECFB4003713E9 /* Products */;
			projectDirPath = "";
			projectRoot = "";
			targets = (
				A602BBA01E5ECFB4003713E9 /* AKImagePickerController */,
				A602BBEC1E5EDF66003713E9 /* AKImagePickerControllerExample */,
			);
		};
/* End PBXProject section */

/* Begin PBXResourcesBuildPhase section */
		A602BB9F1E5ECFB4003713E9 /* Resources */ = {
			isa = PBXResourcesBuildPhase;
			buildActionMask = 2147483647;
			files = (
				A602BBC71E5EDAA4003713E9 /* Info.plist in Resources */,
				A602BBE71E5EDC09003713E9 /* Images.xcassets in Resources */,
				A602BBDB1E5EDB34003713E9 /* ImagePickerLiveCameraCollectionCell.xib in Resources */,
				A67A126C1E632F62002923CE /* TOCropViewControllerLocalizable.strings in Resources */,
				A67A12661E632F62002923CE /* TOCropViewControllerLocalizable.strings in Resources */,
				A602BBD91E5EDB34003713E9 /* ImagePickerCollectionCell.xib in Resources */,
				A67A12801E632F62002923CE /* TOCropViewControllerLocalizable.strings in Resources */,
				A67A12651E632F62002923CE /* TOCropViewControllerLocalizable.strings in Resources */,
				A67A12701E632F62002923CE /* TOCropViewControllerLocalizable.strings in Resources */,
				A67A12811E632F62002923CE /* TOCropViewControllerLocalizable.strings in Resources */,
				A67A127B1E632F62002923CE /* TOCropViewControllerLocalizable.strings in Resources */,
				A67A12691E632F62002923CE /* TOCropViewControllerLocalizable.strings in Resources */,
				A67A12671E632F62002923CE /* TOCropViewControllerLocalizable.strings in Resources */,
				A67A126F1E632F62002923CE /* TOCropViewControllerLocalizable.strings in Resources */,
				A67A12791E632F62002923CE /* TOCropViewControllerLocalizable.strings in Resources */,
				A67A128B1E632F62002923CE /* TOCropViewControllerLocalizable.strings in Resources */,
				A67A12681E632F62002923CE /* TOCropViewControllerLocalizable.strings in Resources */,
				A67A126B1E632F62002923CE /* TOCropViewControllerLocalizable.strings in Resources */,
				A67A128A1E632F62002923CE /* TOCropViewControllerLocalizable.strings in Resources */,
				A67A126A1E632F62002923CE /* TOCropViewControllerLocalizable.strings in Resources */,
				A67A127A1E632F62002923CE /* TOCropViewControllerLocalizable.strings in Resources */,
				A67A126D1E632F62002923CE /* Info.plist in Resources */,
				A67A126E1E632F62002923CE /* TOCropViewControllerLocalizable.strings in Resources */,
				A67A127C1E632F62002923CE /* TOCropViewControllerLocalizable.strings in Resources */,
			);
			runOnlyForDeploymentPostprocessing = 0;
		};
		A602BBEB1E5EDF66003713E9 /* Resources */ = {
			isa = PBXResourcesBuildPhase;
			buildActionMask = 2147483647;
			files = (
				A602BBFA1E5EDF66003713E9 /* LaunchScreen.storyboard in Resources */,
				A602BBF71E5EDF66003713E9 /* Assets.xcassets in Resources */,
				A602BBF51E5EDF66003713E9 /* Main.storyboard in Resources */,
			);
			runOnlyForDeploymentPostprocessing = 0;
		};
/* End PBXResourcesBuildPhase section */

/* Begin PBXSourcesBuildPhase section */
		A602BB9C1E5ECFB4003713E9 /* Sources */ = {
			isa = PBXSourcesBuildPhase;
			buildActionMask = 2147483647;
			files = (
				A67A12781E632F62002923CE /* UIImage+CropRotate.m in Sources */,
				A602BBC21E5EDAA4003713E9 /* CameraEngineDeviceInput.swift in Sources */,
				A67A12831E632F62002923CE /* TOCropOverlayView.m in Sources */,
				A602BBD81E5EDB34003713E9 /* ImagePickerCollectionCell.swift in Sources */,
				A602BBD21E5EDAFF003713E9 /* SheetPreviewCollectionViewCell.swift in Sources */,
				A67A12721E632F62002923CE /* TOActivityCroppedImageProvider.m in Sources */,
				A67A12871E632F62002923CE /* TOCropToolbar.m in Sources */,
				A67A127F1E632F62002923CE /* TOCropViewController.m in Sources */,
				A602BBC11E5EDAA4003713E9 /* CameraEngineDevice.swift in Sources */,
				A602BBC31E5EDAA4003713E9 /* CameraEngineFileManager.swift in Sources */,
				A602BBC61E5EDAA4003713E9 /* CameraEngineVideoEncoder.swift in Sources */,
				A602BBCE1E5EDAFF003713E9 /* SheetActionCollectionViewCell.swift in Sources */,
				A602BBE41E5EDB69003713E9 /* PreviewSupplementaryView.swift in Sources */,
				A68B5A0C1E64E75900654CC7 /* CameraViewControllerDelegate.swift in Sources */,
				A602BBD11E5EDAFF003713E9 /* SheetController.swift in Sources */,
				A602BBBF1E5EDAA4003713E9 /* CameraEngine.swift in Sources */,
				A602BBD01E5EDAFF003713E9 /* SheetCollectionViewLayout.swift in Sources */,
				A602BBC51E5EDAA4003713E9 /* CameraEngineMetadataOutput.swift in Sources */,
				A602BBB21E5EDA53003713E9 /* CameraSliderDelegate.swift in Sources */,
				A67A12761E632F62002923CE /* TOCropViewControllerTransitioning.m in Sources */,
				A602BBAE1E5ED9FF003713E9 /* CameraViewController.swift in Sources */,
				A602BBC01E5EDAA4003713E9 /* CameraEngineCaptureOutput.swift in Sources */,
				A645B0011E6458B400E2A0D9 /* ImagePickerControllerDelegate.swift in Sources */,
				A602BBDA1E5EDB34003713E9 /* ImagePickerLiveCameraCollectionCell.swift in Sources */,
				A602BBCF1E5EDAFF003713E9 /* SheetCollectionViewCell.swift in Sources */,
				A67A12741E632F62002923CE /* TOCroppedImageAttributes.m in Sources */,
				A602BC0D1E5EE223003713E9 /* ImagePickerAction.swift in Sources */,
				A602BC0E1E5EE223003713E9 /* AKImagePickerController.swift in Sources */,
				A602BBC41E5EDAA4003713E9 /* CameraEngineGifEncoder.swift in Sources */,
				A602BC0C1E5EE223003713E9 /* AnimationController.swift in Sources */,
				A602BBE11E5EDB69003713E9 /* PreviewCollectionView.swift in Sources */,
				A67A12851E632F62002923CE /* TOCropScrollView.m in Sources */,
				A67A12891E632F62002923CE /* TOCropView.m in Sources */,
				A602BBE31E5EDB69003713E9 /* PreviewCollectionViewLayout.swift in Sources */,
				A602BBB01E5EDA32003713E9 /* CameraSlider.swift in Sources */,
				A602BBE21E5EDB69003713E9 /* PreviewCollectionViewCell.swift in Sources */,
			);
			runOnlyForDeploymentPostprocessing = 0;
		};
		A602BBE91E5EDF66003713E9 /* Sources */ = {
			isa = PBXSourcesBuildPhase;
			buildActionMask = 2147483647;
			files = (
				A602BBF21E5EDF66003713E9 /* ViewController.swift in Sources */,
				A602BBF01E5EDF66003713E9 /* AppDelegate.swift in Sources */,
			);
			runOnlyForDeploymentPostprocessing = 0;
		};
/* End PBXSourcesBuildPhase section */

/* Begin PBXTargetDependency section */
		A6BA27E11E5EE3F400A61627 /* PBXTargetDependency */ = {
			isa = PBXTargetDependency;
			target = A602BBA01E5ECFB4003713E9 /* AKImagePickerController */;
			targetProxy = A6BA27E01E5EE3F400A61627 /* PBXContainerItemProxy */;
		};
/* End PBXTargetDependency section */

/* Begin PBXVariantGroup section */
		A602BBF31E5EDF66003713E9 /* Main.storyboard */ = {
			isa = PBXVariantGroup;
			children = (
				A602BBF41E5EDF66003713E9 /* Base */,
			);
			name = Main.storyboard;
			sourceTree = "<group>";
		};
		A602BBF81E5EDF66003713E9 /* LaunchScreen.storyboard */ = {
			isa = PBXVariantGroup;
			children = (
				A602BBF91E5EDF66003713E9 /* Base */,
			);
			name = LaunchScreen.storyboard;
			sourceTree = "<group>";
		};
		A67A12171E632F61002923CE /* TOCropViewControllerLocalizable.strings */ = {
			isa = PBXVariantGroup;
			children = (
				A67A12181E632F61002923CE /* ar */,
			);
			name = TOCropViewControllerLocalizable.strings;
			sourceTree = "<group>";
		};
		A67A121A1E632F62002923CE /* TOCropViewControllerLocalizable.strings */ = {
			isa = PBXVariantGroup;
			children = (
				A67A121B1E632F62002923CE /* Base */,
			);
			name = TOCropViewControllerLocalizable.strings;
			sourceTree = "<group>";
		};
		A67A121D1E632F62002923CE /* TOCropViewControllerLocalizable.strings */ = {
			isa = PBXVariantGroup;
			children = (
				A67A121E1E632F62002923CE /* da */,
			);
			name = TOCropViewControllerLocalizable.strings;
			sourceTree = "<group>";
		};
		A67A12201E632F62002923CE /* TOCropViewControllerLocalizable.strings */ = {
			isa = PBXVariantGroup;
			children = (
				A67A12211E632F62002923CE /* de */,
			);
			name = TOCropViewControllerLocalizable.strings;
			sourceTree = "<group>";
		};
		A67A12231E632F62002923CE /* TOCropViewControllerLocalizable.strings */ = {
			isa = PBXVariantGroup;
			children = (
				A67A12241E632F62002923CE /* en */,
			);
			name = TOCropViewControllerLocalizable.strings;
			sourceTree = "<group>";
		};
		A67A12261E632F62002923CE /* TOCropViewControllerLocalizable.strings */ = {
			isa = PBXVariantGroup;
			children = (
				A67A12271E632F62002923CE /* es */,
			);
			name = TOCropViewControllerLocalizable.strings;
			sourceTree = "<group>";
		};
		A67A12291E632F62002923CE /* TOCropViewControllerLocalizable.strings */ = {
			isa = PBXVariantGroup;
			children = (
				A67A122A1E632F62002923CE /* fr */,
			);
			name = TOCropViewControllerLocalizable.strings;
			sourceTree = "<group>";
		};
		A67A122C1E632F62002923CE /* TOCropViewControllerLocalizable.strings */ = {
			isa = PBXVariantGroup;
			children = (
				A67A122D1E632F62002923CE /* id */,
			);
			name = TOCropViewControllerLocalizable.strings;
			sourceTree = "<group>";
		};
		A67A12301E632F62002923CE /* TOCropViewControllerLocalizable.strings */ = {
			isa = PBXVariantGroup;
			children = (
				A67A12311E632F62002923CE /* it */,
			);
			name = TOCropViewControllerLocalizable.strings;
			sourceTree = "<group>";
		};
		A67A12331E632F62002923CE /* TOCropViewControllerLocalizable.strings */ = {
			isa = PBXVariantGroup;
			children = (
				A67A12341E632F62002923CE /* ja */,
			);
			name = TOCropViewControllerLocalizable.strings;
			sourceTree = "<group>";
		};
		A67A12361E632F62002923CE /* TOCropViewControllerLocalizable.strings */ = {
			isa = PBXVariantGroup;
			children = (
				A67A12371E632F62002923CE /* ko */,
			);
			name = TOCropViewControllerLocalizable.strings;
			sourceTree = "<group>";
		};
		A67A12421E632F62002923CE /* TOCropViewControllerLocalizable.strings */ = {
			isa = PBXVariantGroup;
			children = (
				A67A12431E632F62002923CE /* nl */,
			);
			name = TOCropViewControllerLocalizable.strings;
			sourceTree = "<group>";
		};
		A67A12451E632F62002923CE /* TOCropViewControllerLocalizable.strings */ = {
			isa = PBXVariantGroup;
			children = (
				A67A12461E632F62002923CE /* pl */,
			);
			name = TOCropViewControllerLocalizable.strings;
			sourceTree = "<group>";
		};
		A67A12481E632F62002923CE /* TOCropViewControllerLocalizable.strings */ = {
			isa = PBXVariantGroup;
			children = (
				A67A12491E632F62002923CE /* pt */,
			);
			name = TOCropViewControllerLocalizable.strings;
			sourceTree = "<group>";
		};
		A67A124B1E632F62002923CE /* TOCropViewControllerLocalizable.strings */ = {
			isa = PBXVariantGroup;
			children = (
				A67A124C1E632F62002923CE /* ru */,
			);
			name = TOCropViewControllerLocalizable.strings;
			sourceTree = "<group>";
		};
		A67A12511E632F62002923CE /* TOCropViewControllerLocalizable.strings */ = {
			isa = PBXVariantGroup;
			children = (
				A67A12521E632F62002923CE /* tr */,
			);
			name = TOCropViewControllerLocalizable.strings;
			sourceTree = "<group>";
		};
		A67A12541E632F62002923CE /* TOCropViewControllerLocalizable.strings */ = {
			isa = PBXVariantGroup;
			children = (
				A67A12551E632F62002923CE /* vi */,
			);
			name = TOCropViewControllerLocalizable.strings;
			sourceTree = "<group>";
		};
		A67A12601E632F62002923CE /* TOCropViewControllerLocalizable.strings */ = {
			isa = PBXVariantGroup;
			children = (
				A67A12611E632F62002923CE /* zh-Hans */,
			);
			name = TOCropViewControllerLocalizable.strings;
			sourceTree = "<group>";
		};
		A67A12631E632F62002923CE /* TOCropViewControllerLocalizable.strings */ = {
			isa = PBXVariantGroup;
			children = (
				A67A12641E632F62002923CE /* zh-Hant */,
			);
			name = TOCropViewControllerLocalizable.strings;
			sourceTree = "<group>";
		};
/* End PBXVariantGroup section */

/* Begin XCBuildConfiguration section */
		A602BBA71E5ECFB4003713E9 /* Debug */ = {
			isa = XCBuildConfiguration;
			buildSettings = {
				ALWAYS_SEARCH_USER_PATHS = NO;
				CLANG_ANALYZER_NONNULL = YES;
				CLANG_CXX_LANGUAGE_STANDARD = "gnu++0x";
				CLANG_CXX_LIBRARY = "libc++";
				CLANG_ENABLE_MODULES = YES;
				CLANG_ENABLE_OBJC_ARC = YES;
				CLANG_WARN_BOOL_CONVERSION = YES;
				CLANG_WARN_CONSTANT_CONVERSION = YES;
				CLANG_WARN_DIRECT_OBJC_ISA_USAGE = YES_ERROR;
				CLANG_WARN_DOCUMENTATION_COMMENTS = YES;
				CLANG_WARN_EMPTY_BODY = YES;
				CLANG_WARN_ENUM_CONVERSION = YES;
				CLANG_WARN_INFINITE_RECURSION = YES;
				CLANG_WARN_INT_CONVERSION = YES;
				CLANG_WARN_OBJC_ROOT_CLASS = YES_ERROR;
				CLANG_WARN_SUSPICIOUS_MOVE = YES;
				CLANG_WARN_UNREACHABLE_CODE = YES;
				CLANG_WARN__DUPLICATE_METHOD_MATCH = YES;
				"CODE_SIGN_IDENTITY[sdk=iphoneos*]" = "iPhone Developer";
				COPY_PHASE_STRIP = NO;
				CURRENT_PROJECT_VERSION = 1;
				DEBUG_INFORMATION_FORMAT = dwarf;
				ENABLE_STRICT_OBJC_MSGSEND = YES;
				ENABLE_TESTABILITY = YES;
				GCC_C_LANGUAGE_STANDARD = gnu99;
				GCC_DYNAMIC_NO_PIC = NO;
				GCC_NO_COMMON_BLOCKS = YES;
				GCC_OPTIMIZATION_LEVEL = 0;
				GCC_PREPROCESSOR_DEFINITIONS = (
					"DEBUG=1",
					"$(inherited)",
				);
				GCC_WARN_64_TO_32_BIT_CONVERSION = YES;
				GCC_WARN_ABOUT_RETURN_TYPE = YES_ERROR;
				GCC_WARN_UNDECLARED_SELECTOR = YES;
				GCC_WARN_UNINITIALIZED_AUTOS = YES_AGGRESSIVE;
				GCC_WARN_UNUSED_FUNCTION = YES;
				GCC_WARN_UNUSED_VARIABLE = YES;
				IPHONEOS_DEPLOYMENT_TARGET = 10.2;
				MTL_ENABLE_DEBUG_INFO = YES;
				ONLY_ACTIVE_ARCH = YES;
				SDKROOT = iphoneos;
				SWIFT_ACTIVE_COMPILATION_CONDITIONS = DEBUG;
				SWIFT_OPTIMIZATION_LEVEL = "-Onone";
				TARGETED_DEVICE_FAMILY = "1,2";
				VERSIONING_SYSTEM = "apple-generic";
				VERSION_INFO_PREFIX = "";
			};
			name = Debug;
		};
		A602BBA81E5ECFB4003713E9 /* Release */ = {
			isa = XCBuildConfiguration;
			buildSettings = {
				ALWAYS_SEARCH_USER_PATHS = NO;
				CLANG_ANALYZER_NONNULL = YES;
				CLANG_CXX_LANGUAGE_STANDARD = "gnu++0x";
				CLANG_CXX_LIBRARY = "libc++";
				CLANG_ENABLE_MODULES = YES;
				CLANG_ENABLE_OBJC_ARC = YES;
				CLANG_WARN_BOOL_CONVERSION = YES;
				CLANG_WARN_CONSTANT_CONVERSION = YES;
				CLANG_WARN_DIRECT_OBJC_ISA_USAGE = YES_ERROR;
				CLANG_WARN_DOCUMENTATION_COMMENTS = YES;
				CLANG_WARN_EMPTY_BODY = YES;
				CLANG_WARN_ENUM_CONVERSION = YES;
				CLANG_WARN_INFINITE_RECURSION = YES;
				CLANG_WARN_INT_CONVERSION = YES;
				CLANG_WARN_OBJC_ROOT_CLASS = YES_ERROR;
				CLANG_WARN_SUSPICIOUS_MOVE = YES;
				CLANG_WARN_UNREACHABLE_CODE = YES;
				CLANG_WARN__DUPLICATE_METHOD_MATCH = YES;
				"CODE_SIGN_IDENTITY[sdk=iphoneos*]" = "iPhone Developer";
				COPY_PHASE_STRIP = NO;
				CURRENT_PROJECT_VERSION = 1;
				DEBUG_INFORMATION_FORMAT = "dwarf-with-dsym";
				ENABLE_NS_ASSERTIONS = NO;
				ENABLE_STRICT_OBJC_MSGSEND = YES;
				GCC_C_LANGUAGE_STANDARD = gnu99;
				GCC_NO_COMMON_BLOCKS = YES;
				GCC_WARN_64_TO_32_BIT_CONVERSION = YES;
				GCC_WARN_ABOUT_RETURN_TYPE = YES_ERROR;
				GCC_WARN_UNDECLARED_SELECTOR = YES;
				GCC_WARN_UNINITIALIZED_AUTOS = YES_AGGRESSIVE;
				GCC_WARN_UNUSED_FUNCTION = YES;
				GCC_WARN_UNUSED_VARIABLE = YES;
				IPHONEOS_DEPLOYMENT_TARGET = 10.2;
				MTL_ENABLE_DEBUG_INFO = NO;
				SDKROOT = iphoneos;
				SWIFT_OPTIMIZATION_LEVEL = "-Owholemodule";
				TARGETED_DEVICE_FAMILY = "1,2";
				VALIDATE_PRODUCT = YES;
				VERSIONING_SYSTEM = "apple-generic";
				VERSION_INFO_PREFIX = "";
			};
			name = Release;
		};
		A602BBAA1E5ECFB4003713E9 /* Debug */ = {
			isa = XCBuildConfiguration;
			buildSettings = {
				CLANG_ENABLE_MODULES = YES;
				CODE_SIGN_IDENTITY = "";
				DEFINES_MODULE = YES;
				DEVELOPMENT_TEAM = 35L77VM7C3;
				DYLIB_COMPATIBILITY_VERSION = 1;
				DYLIB_CURRENT_VERSION = 1;
				DYLIB_INSTALL_NAME_BASE = "@rpath";
				INFOPLIST_FILE = ImagePicker/Info.plist;
				INSTALL_PATH = "$(LOCAL_LIBRARY_DIR)/Frameworks";
				IPHONEOS_DEPLOYMENT_TARGET = 10.0;
				LD_RUNPATH_SEARCH_PATHS = "$(inherited) @executable_path/Frameworks @loader_path/Frameworks";
				PRODUCT_BUNDLE_IDENTIFIER = "com.alexsander-khitev.AKImageControllerPicker";
				PRODUCT_NAME = "$(TARGET_NAME)";
				SKIP_INSTALL = YES;
				SWIFT_OPTIMIZATION_LEVEL = "-Onone";
				SWIFT_VERSION = 3.0;
			};
			name = Debug;
		};
		A602BBAB1E5ECFB4003713E9 /* Release */ = {
			isa = XCBuildConfiguration;
			buildSettings = {
				CLANG_ENABLE_MODULES = YES;
				CODE_SIGN_IDENTITY = "";
				DEFINES_MODULE = YES;
				DEVELOPMENT_TEAM = 35L77VM7C3;
				DYLIB_COMPATIBILITY_VERSION = 1;
				DYLIB_CURRENT_VERSION = 1;
				DYLIB_INSTALL_NAME_BASE = "@rpath";
				INFOPLIST_FILE = ImagePicker/Info.plist;
				INSTALL_PATH = "$(LOCAL_LIBRARY_DIR)/Frameworks";
				IPHONEOS_DEPLOYMENT_TARGET = 10.0;
				LD_RUNPATH_SEARCH_PATHS = "$(inherited) @executable_path/Frameworks @loader_path/Frameworks";
				PRODUCT_BUNDLE_IDENTIFIER = "com.alexsander-khitev.AKImageControllerPicker";
				PRODUCT_NAME = "$(TARGET_NAME)";
				SKIP_INSTALL = YES;
				SWIFT_VERSION = 3.0;
			};
			name = Release;
		};
		A602BBFD1E5EDF66003713E9 /* Debug */ = {
			isa = XCBuildConfiguration;
			buildSettings = {
				ALWAYS_EMBED_SWIFT_STANDARD_LIBRARIES = YES;
				ASSETCATALOG_COMPILER_APPICON_NAME = AppIcon;
				DEVELOPMENT_TEAM = 35L77VM7C3;
				INFOPLIST_FILE = ImagePickerExample/Info.plist;
				LD_RUNPATH_SEARCH_PATHS = "$(inherited) @executable_path/Frameworks";
				PRODUCT_BUNDLE_IDENTIFIER = "Alexsander-Khitev.ImagePickerExample";
				PRODUCT_NAME = "$(TARGET_NAME)";
				SWIFT_VERSION = 3.0;
			};
			name = Debug;
		};
		A602BBFE1E5EDF66003713E9 /* Release */ = {
			isa = XCBuildConfiguration;
			buildSettings = {
				ALWAYS_EMBED_SWIFT_STANDARD_LIBRARIES = YES;
				ASSETCATALOG_COMPILER_APPICON_NAME = AppIcon;
				DEVELOPMENT_TEAM = 35L77VM7C3;
				INFOPLIST_FILE = ImagePickerExample/Info.plist;
				LD_RUNPATH_SEARCH_PATHS = "$(inherited) @executable_path/Frameworks";
				PRODUCT_BUNDLE_IDENTIFIER = "Alexsander-Khitev.ImagePickerExample";
				PRODUCT_NAME = "$(TARGET_NAME)";
				SWIFT_VERSION = 3.0;
			};
			name = Release;
		};
/* End XCBuildConfiguration section */

/* Begin XCConfigurationList section */
		A602BB9B1E5ECFB4003713E9 /* Build configuration list for PBXProject "AKImagePickerController" */ = {
			isa = XCConfigurationList;
			buildConfigurations = (
				A602BBA71E5ECFB4003713E9 /* Debug */,
				A602BBA81E5ECFB4003713E9 /* Release */,
			);
			defaultConfigurationIsVisible = 0;
			defaultConfigurationName = Release;
		};
		A602BBA91E5ECFB4003713E9 /* Build configuration list for PBXNativeTarget "AKImagePickerController" */ = {
			isa = XCConfigurationList;
			buildConfigurations = (
				A602BBAA1E5ECFB4003713E9 /* Debug */,
				A602BBAB1E5ECFB4003713E9 /* Release */,
			);
			defaultConfigurationIsVisible = 0;
			defaultConfigurationName = Release;
		};
		A602BBFC1E5EDF66003713E9 /* Build configuration list for PBXNativeTarget "AKImagePickerControllerExample" */ = {
			isa = XCConfigurationList;
			buildConfigurations = (
				A602BBFD1E5EDF66003713E9 /* Debug */,
				A602BBFE1E5EDF66003713E9 /* Release */,
			);
			defaultConfigurationIsVisible = 0;
			defaultConfigurationName = Release;
		};
/* End XCConfigurationList section */
	};
	rootObject = A602BB981E5ECFB4003713E9 /* Project object */;
}
